
Microsoft Visual Studio Solution File, Format Version 11.00
# Visual Studio 2010
Project("{FAE04EC0-301F-11D3-BF4B-00C04F79EFBC}") = "Project_WB", "Project_WB\Project_WB\Project_WB.csproj", "{77C39776-404A-4131-A7EE-E129BBEA9B34}"
EndProject
Project("{FAE04EC0-301F-11D3-BF4B-00C04F79EFBC}") = "Project_WBContent", "Project_WB\Project_WBContent\Project_WBContent.contentproj", "{FC955E9E-F8D5-41D1-AB18-C78F6A757572}"
EndProject
Project("{FAE04EC0-301F-11D3-BF4B-00C04F79EFBC}") = "GSM", "Project_WB\GameStateManagement\GSM.csproj", "{0A551D79-F37E-4529-9CA0-3FD2E9EA715E}"
EndProject
Project("{2150E333-8FDC-42A3-9474-1A3956D46DE8}") = "ExternalLibs", "ExternalLibs", "{126CD985-5FF2-4961-92E1-229067E0D95C}"
	ProjectSection(SolutionItems) = preProject
		Project_WB\ExternalLibs\Nuclex.Fonts.Content.TrueTypeImporter.dll = Project_WB\ExternalLibs\Nuclex.Fonts.Content.TrueTypeImporter.dll
		Project_WB\ExternalLibs\Nuclex.Fonts.Content.TrueTypeImporter.xml = Project_WB\ExternalLibs\Nuclex.Fonts.Content.TrueTypeImporter.xml
		Project_WB\ExternalLibs\Nuclex.Input.dll = Project_WB\ExternalLibs\Nuclex.Input.dll
		Project_WB\ExternalLibs\Nuclex.Input.xml = Project_WB\ExternalLibs\Nuclex.Input.xml
		Project_WB\ExternalLibs\Nuclex.Support.dll = Project_WB\ExternalLibs\Nuclex.Support.dll
		Project_WB\ExternalLibs\Nuclex.Support.xml = Project_WB\ExternalLibs\Nuclex.Support.xml
		Project_WB\ExternalLibs\Nuclex.UserInterface.dll = Project_WB\ExternalLibs\Nuclex.UserInterface.dll
		Project_WB\ExternalLibs\Nuclex.UserInterface.xml = Project_WB\ExternalLibs\Nuclex.UserInterface.xml
		Project_WB\ExternalLibs\nunit.framework.dll = Project_WB\ExternalLibs\nunit.framework.dll
		Project_WB\ExternalLibs\nunit.framework.xml = Project_WB\ExternalLibs\nunit.framework.xml
		Project_WB\ExternalLibs\SlimDX.DirectInput.dll = Project_WB\ExternalLibs\SlimDX.DirectInput.dll
		Project_WB\ExternalLibs\SlimDX.DirectInput.xml = Project_WB\ExternalLibs\SlimDX.DirectInput.xml
	EndProjectSection
EndProject
Global
	GlobalSection(SolutionConfigurationPlatforms) = preSolution
		Debug|x86 = Debug|x86
		Release|x86 = Release|x86
	EndGlobalSection
	GlobalSection(ProjectConfigurationPlatforms) = postSolution
		{77C39776-404A-4131-A7EE-E129BBEA9B34}.Debug|x86.ActiveCfg = Debug|x86
		{77C39776-404A-4131-A7EE-E129BBEA9B34}.Debug|x86.Build.0 = Debug|x86
		{77C39776-404A-4131-A7EE-E129BBEA9B34}.Release|x86.ActiveCfg = Release|x86
		{77C39776-404A-4131-A7EE-E129BBEA9B34}.Release|x86.Build.0 = Release|x86
		{FC955E9E-F8D5-41D1-AB18-C78F6A757572}.Debug|x86.ActiveCfg = Debug|x86
		{FC955E9E-F8D5-41D1-AB18-C78F6A757572}.Release|x86.ActiveCfg = Release|x86
		{0A551D79-F37E-4529-9CA0-3FD2E9EA715E}.Debug|x86.ActiveCfg = Debug|x86
		{0A551D79-F37E-4529-9CA0-3FD2E9EA715E}.Debug|x86.Build.0 = Debug|x86
		{0A551D79-F37E-4529-9CA0-3FD2E9EA715E}.Release|x86.ActiveCfg = Release|x86
		{0A551D79-F37E-4529-9CA0-3FD2E9EA715E}.Release|x86.Build.0 = Release|x86
	EndGlobalSection
	GlobalSection(SolutionProperties) = preSolution
		HideSolutionNode = FALSE
	EndGlobalSection
EndGlobal
